{
  "version": 4,
  "terraform_version": "1.5.7",
  "serial": 12,
  "lineage": "20bfae5b-7587-1a63-d999-da52be15662d",
  "outputs": {
    "master_ip": {
      "value": "13.235.45.199",
      "type": "string"
    },
    "worker_ip": {
      "value": "13.127.28.27",
      "type": "string"
    }
  },
  "resources": [
    {
      "mode": "managed",
      "type": "aws_instance",
      "name": "master",
      "provider": "provider[\"registry.terraform.io/hashicorp/aws\"]",
      "instances": [
        {
          "schema_version": 2,
          "attributes": {
            "ami": "ami-05d2d839d4f73aafb",
            "arn": "arn:aws:ec2:ap-south-1:188244334939:instance/i-0e1a5b82f520a1a26",
            "associate_public_ip_address": true,
            "availability_zone": "ap-south-1a",
            "capacity_reservation_specification": [
              {
                "capacity_reservation_preference": "open",
                "capacity_reservation_target": []
              }
            ],
            "cpu_options": [
              {
                "amd_sev_snp": "",
                "core_count": 2,
                "nested_virtualization": "",
                "threads_per_core": 1
              }
            ],
            "credit_specification": [
              {
                "cpu_credits": "standard"
              }
            ],
            "disable_api_stop": false,
            "disable_api_termination": false,
            "ebs_block_device": [],
            "ebs_optimized": false,
            "enable_primary_ipv6": null,
            "enclave_options": [
              {
                "enabled": false
              }
            ],
            "ephemeral_block_device": [],
            "force_destroy": false,
            "get_password_data": false,
            "hibernation": false,
            "host_id": "",
            "host_resource_group_arn": null,
            "iam_instance_profile": "",
            "id": "i-0e1a5b82f520a1a26",
            "instance_initiated_shutdown_behavior": "stop",
            "instance_lifecycle": "",
            "instance_market_options": [],
            "instance_state": "running",
            "instance_type": "t2.medium",
            "ipv6_address_count": 0,
            "ipv6_addresses": [],
            "key_name": "k8s-key",
            "launch_template": [],
            "maintenance_options": [
              {
                "auto_recovery": "default"
              }
            ],
            "metadata_options": [
              {
                "http_endpoint": "enabled",
                "http_protocol_ipv6": "disabled",
                "http_put_response_hop_limit": 2,
                "http_tokens": "required",
                "instance_metadata_tags": "disabled"
              }
            ],
            "monitoring": false,
            "network_interface": [],
            "outpost_arn": "",
            "password_data": "",
            "placement_group": "",
            "placement_group_id": "",
            "placement_partition_number": 0,
            "primary_network_interface": [
              {
                "delete_on_termination": true,
                "network_interface_id": "eni-0476ba9524dbbeb78"
              }
            ],
            "primary_network_interface_id": "eni-0476ba9524dbbeb78",
            "private_dns": "ip-10-0-1-170.ap-south-1.compute.internal",
            "private_dns_name_options": [
              {
                "enable_resource_name_dns_a_record": false,
                "enable_resource_name_dns_aaaa_record": false,
                "hostname_type": "ip-name"
              }
            ],
            "private_ip": "10.0.1.170",
            "public_dns": "",
            "public_ip": "13.235.45.199",
            "region": "ap-south-1",
            "root_block_device": [
              {
                "delete_on_termination": true,
                "device_name": "/dev/sda1",
                "encrypted": false,
                "iops": 3000,
                "kms_key_id": "",
                "tags": {},
                "tags_all": {},
                "throughput": 125,
                "volume_id": "vol-0ab5fdeebbf37377e",
                "volume_size": 8,
                "volume_type": "gp3"
              }
            ],
            "secondary_network_interface": [],
            "secondary_private_ips": [],
            "security_groups": [],
            "source_dest_check": true,
            "spot_instance_request_id": "",
            "subnet_id": "subnet-05e975e0e4a1f4bb8",
            "tags": {
              "Name": "k8s-master"
            },
            "tags_all": {
              "Name": "k8s-master"
            },
            "tenancy": "default",
            "timeouts": null,
            "user_data": null,
            "user_data_base64": null,
            "user_data_replace_on_change": false,
            "volume_tags": null,
            "vpc_security_group_ids": [
              "sg-065138bc02cd7aa84"
            ]
          },
          "sensitive_attributes": [],
          "private": "eyJlMmJmYjczMC1lY2FhLTExZTYtOGY4OC0zNDM2M2JjN2M0YzAiOnsiY3JlYXRlIjo2MDAwMDAwMDAwMDAsImRlbGV0ZSI6MTIwMDAwMDAwMDAwMCwicmVhZCI6OTAwMDAwMDAwMDAwLCJ1cGRhdGUiOjYwMDAwMDAwMDAwMH0sInNjaGVtYV92ZXJzaW9uIjoiMiJ9",
          "dependencies": [
            "aws_key_pair.key",
            "aws_security_group.k8s_sg",
            "aws_subnet.subnet",
            "aws_vpc.main",
            "tls_private_key.ssh_key"
          ]
        }
      ]
    },
    {
      "mode": "managed",
      "type": "aws_instance",
      "name": "worker",
      "provider": "provider[\"registry.terraform.io/hashicorp/aws\"]",
      "instances": [
        {
          "schema_version": 2,
          "attributes": {
            "ami": "ami-05d2d839d4f73aafb",
            "arn": "arn:aws:ec2:ap-south-1:188244334939:instance/i-02ae00015502d88f6",
            "associate_public_ip_address": true,
            "availability_zone": "ap-south-1a",
            "capacity_reservation_specification": [
              {
                "capacity_reservation_preference": "open",
                "capacity_reservation_target": []
              }
            ],
            "cpu_options": [
              {
                "amd_sev_snp": "",
                "core_count": 2,
                "nested_virtualization": "",
                "threads_per_core": 1
              }
            ],
            "credit_specification": [
              {
                "cpu_credits": "standard"
              }
            ],
            "disable_api_stop": false,
            "disable_api_termination": false,
            "ebs_block_device": [],
            "ebs_optimized": false,
            "enable_primary_ipv6": null,
            "enclave_options": [
              {
                "enabled": false
              }
            ],
            "ephemeral_block_device": [],
            "force_destroy": false,
            "get_password_data": false,
            "hibernation": false,
            "host_id": "",
            "host_resource_group_arn": null,
            "iam_instance_profile": "",
            "id": "i-02ae00015502d88f6",
            "instance_initiated_shutdown_behavior": "stop",
            "instance_lifecycle": "",
            "instance_market_options": [],
            "instance_state": "running",
            "instance_type": "t2.medium",
            "ipv6_address_count": 0,
            "ipv6_addresses": [],
            "key_name": "k8s-key",
            "launch_template": [],
            "maintenance_options": [
              {
                "auto_recovery": "default"
              }
            ],
            "metadata_options": [
              {
                "http_endpoint": "enabled",
                "http_protocol_ipv6": "disabled",
                "http_put_response_hop_limit": 2,
                "http_tokens": "required",
                "instance_metadata_tags": "disabled"
              }
            ],
            "monitoring": false,
            "network_interface": [],
            "outpost_arn": "",
            "password_data": "",
            "placement_group": "",
            "placement_group_id": "",
            "placement_partition_number": 0,
            "primary_network_interface": [
              {
                "delete_on_termination": true,
                "network_interface_id": "eni-04deceb5f784aa944"
              }
            ],
            "primary_network_interface_id": "eni-04deceb5f784aa944",
            "private_dns": "ip-10-0-1-21.ap-south-1.compute.internal",
            "private_dns_name_options": [
              {
                "enable_resource_name_dns_a_record": false,
                "enable_resource_name_dns_aaaa_record": false,
                "hostname_type": "ip-name"
              }
            ],
            "private_ip": "10.0.1.21",
            "public_dns": "",
            "public_ip": "13.127.28.27",
            "region": "ap-south-1",
            "root_block_device": [
              {
                "delete_on_termination": true,
                "device_name": "/dev/sda1",
                "encrypted": false,
                "iops": 3000,
                "kms_key_id": "",
                "tags": {},
                "tags_all": {},
                "throughput": 125,
                "volume_id": "vol-0dcae1b27db9af189",
                "volume_size": 8,
                "volume_type": "gp3"
              }
            ],
            "secondary_network_interface": [],
            "secondary_private_ips": [],
            "security_groups": [],
            "source_dest_check": true,
            "spot_instance_request_id": "",
            "subnet_id": "subnet-05e975e0e4a1f4bb8",
            "tags": {
              "Name": "k8s-worker"
            },
            "tags_all": {
              "Name": "k8s-worker"
            },
            "tenancy": "default",
            "timeouts": null,
            "user_data": null,
            "user_data_base64": null,
            "user_data_replace_on_change": false,
            "volume_tags": null,
            "vpc_security_group_ids": [
              "sg-065138bc02cd7aa84"
            ]
          },
          "sensitive_attributes": [],
          "private": "eyJlMmJmYjczMC1lY2FhLTExZTYtOGY4OC0zNDM2M2JjN2M0YzAiOnsiY3JlYXRlIjo2MDAwMDAwMDAwMDAsImRlbGV0ZSI6MTIwMDAwMDAwMDAwMCwicmVhZCI6OTAwMDAwMDAwMDAwLCJ1cGRhdGUiOjYwMDAwMDAwMDAwMH0sInNjaGVtYV92ZXJzaW9uIjoiMiJ9",
          "dependencies": [
            "aws_key_pair.key",
            "aws_security_group.k8s_sg",
            "aws_subnet.subnet",
            "aws_vpc.main",
            "tls_private_key.ssh_key"
          ]
        }
      ]
    },
    {
      "mode": "managed",
      "type": "aws_internet_gateway",
      "name": "gw",
      "provider": "provider[\"registry.terraform.io/hashicorp/aws\"]",
      "instances": [
        {
          "schema_version": 0,
          "attributes": {
            "arn": "arn:aws:ec2:ap-south-1:188244334939:internet-gateway/igw-030ac0b404fa301db",
            "id": "igw-030ac0b404fa301db",
            "owner_id": "188244334939",
            "region": "ap-south-1",
            "tags": null,
            "tags_all": {},
            "timeouts": null,
            "vpc_id": "vpc-075102f314372653d"
          },
          "sensitive_attributes": [],
          "private": "eyJlMmJmYjczMC1lY2FhLTExZTYtOGY4OC0zNDM2M2JjN2M0YzAiOnsiY3JlYXRlIjoxMjAwMDAwMDAwMDAwLCJkZWxldGUiOjEyMDAwMDAwMDAwMDAsInVwZGF0ZSI6MTIwMDAwMDAwMDAwMH19",
          "dependencies": [
            "aws_vpc.main"
          ]
        }
      ]
    },
    {
      "mode": "managed",
      "type": "aws_key_pair",
      "name": "key",
      "provider": "provider[\"registry.terraform.io/hashicorp/aws\"]",
      "instances": [
        {
          "schema_version": 1,
          "attributes": {
            "arn": "arn:aws:ec2:ap-south-1:188244334939:key-pair/k8s-key",
            "fingerprint": "39:1f:de:7f:00:8f:2a:bc:db:63:4a:d9:9f:86:ca:67",
            "id": "k8s-key",
            "key_name": "k8s-key",
            "key_name_prefix": "",
            "key_pair_id": "key-08e1f49ae74d20567",
            "key_type": "rsa",
            "public_key": "ssh-rsa AAAAB3NzaC1yc2EAAAADAQABAAABAQDtq2gnLxewntB+tNQlcJmzlLBsZAgtsyQxLvkC/xmQl+jeJLM5qP3RGk8yk0waHesabyHT7ViJHyhwjtC5o4E3z12JWo4HiFzOeGuJsjE1hF+94YwphP/c2P6fD9+GHhV+s3q9lVPdJkUQiGfdKSgbXvl5JyCjt+kUuk2f4JoKkEKIh59rY2msgS6+JmYM4u+BqXhSwITAbWiauQPmMS1XMm0hQUTIzokgHocv0J3RdLHopx1vl+FJIXVWyEHSCKW7lw9QBdYgIpPla8UxIVjE4D67PIT2aE0d6gtRP2F4a9SeJuyt4Wv8b8BYiOZmLvZFGIO+kuemewNyvygnlpyL",
            "region": "ap-south-1",
            "tags": null,
            "tags_all": {}
          },
          "sensitive_attributes": [],
          "private": "eyJzY2hlbWFfdmVyc2lvbiI6IjEifQ==",
          "dependencies": [
            "tls_private_key.ssh_key"
          ]
        }
      ]
    },
    {
      "mode": "managed",
      "type": "aws_route_table",
      "name": "rt",
      "provider": "provider[\"registry.terraform.io/hashicorp/aws\"]",
      "instances": [
        {
          "schema_version": 0,
          "attributes": {
            "arn": "arn:aws:ec2:ap-south-1:188244334939:route-table/rtb-0d19ff5dd758f70a4",
            "id": "rtb-0d19ff5dd758f70a4",
            "owner_id": "188244334939",
            "propagating_vgws": [],
            "region": "ap-south-1",
            "route": [
              {
                "carrier_gateway_id": "",
                "cidr_block": "0.0.0.0/0",
                "core_network_arn": "",
                "destination_prefix_list_id": "",
                "egress_only_gateway_id": "",
                "gateway_id": "igw-030ac0b404fa301db",
                "ipv6_cidr_block": "",
                "local_gateway_id": "",
                "nat_gateway_id": "",
                "network_interface_id": "",
                "transit_gateway_id": "",
                "vpc_endpoint_id": "",
                "vpc_peering_connection_id": ""
              }
            ],
            "tags": null,
            "tags_all": {},
            "timeouts": null,
            "vpc_id": "vpc-075102f314372653d"
          },
          "sensitive_attributes": [],
          "private": "eyJlMmJmYjczMC1lY2FhLTExZTYtOGY4OC0zNDM2M2JjN2M0YzAiOnsiY3JlYXRlIjozMDAwMDAwMDAwMDAsImRlbGV0ZSI6MzAwMDAwMDAwMDAwLCJ1cGRhdGUiOjEyMDAwMDAwMDAwMH19",
          "dependencies": [
            "aws_internet_gateway.gw",
            "aws_vpc.main"
          ]
        }
      ]
    },
    {
      "mode": "managed",
      "type": "aws_route_table_association",
      "name": "rta",
      "provider": "provider[\"registry.terraform.io/hashicorp/aws\"]",
      "instances": [
        {
          "schema_version": 0,
          "attributes": {
            "gateway_id": "",
            "id": "rtbassoc-07226918cbd0e53b3",
            "region": "ap-south-1",
            "route_table_id": "rtb-0d19ff5dd758f70a4",
            "subnet_id": "subnet-05e975e0e4a1f4bb8",
            "timeouts": null
          },
          "sensitive_attributes": [],
          "private": "eyJlMmJmYjczMC1lY2FhLTExZTYtOGY4OC0zNDM2M2JjN2M0YzAiOnsiY3JlYXRlIjozMDAwMDAwMDAwMDAsImRlbGV0ZSI6MzAwMDAwMDAwMDAwLCJ1cGRhdGUiOjEyMDAwMDAwMDAwMH19",
          "dependencies": [
            "aws_internet_gateway.gw",
            "aws_route_table.rt",
            "aws_subnet.subnet",
            "aws_vpc.main"
          ]
        }
      ]
    },
    {
      "mode": "managed",
      "type": "aws_security_group",
      "name": "k8s_sg",
      "provider": "provider[\"registry.terraform.io/hashicorp/aws\"]",
      "instances": [
        {
          "schema_version": 1,
          "attributes": {
            "arn": "arn:aws:ec2:ap-south-1:188244334939:security-group/sg-065138bc02cd7aa84",
            "description": "Managed by Terraform",
            "egress": [
              {
                "cidr_blocks": [
                  "0.0.0.0/0"
                ],
                "description": "",
                "from_port": 0,
                "ipv6_cidr_blocks": [],
                "prefix_list_ids": [],
                "protocol": "-1",
                "security_groups": [],
                "self": false,
                "to_port": 0
              }
            ],
            "id": "sg-065138bc02cd7aa84",
            "ingress": [
              {
                "cidr_blocks": [
                  "0.0.0.0/0"
                ],
                "description": "",
                "from_port": 22,
                "ipv6_cidr_blocks": [],
                "prefix_list_ids": [],
                "protocol": "tcp",
                "security_groups": [],
                "self": false,
                "to_port": 22
              },
              {
                "cidr_blocks": [
                  "0.0.0.0/0"
                ],
                "description": "",
                "from_port": 30000,
                "ipv6_cidr_blocks": [],
                "prefix_list_ids": [],
                "protocol": "tcp",
                "security_groups": [],
                "self": false,
                "to_port": 32767
              },
              {
                "cidr_blocks": [
                  "0.0.0.0/0"
                ],
                "description": "",
                "from_port": 6443,
                "ipv6_cidr_blocks": [],
                "prefix_list_ids": [],
                "protocol": "tcp",
                "security_groups": [],
                "self": false,
                "to_port": 6443
              },
              {
                "cidr_blocks": [
                  "0.0.0.0/0"
                ],
                "description": "",
                "from_port": 80,
                "ipv6_cidr_blocks": [],
                "prefix_list_ids": [],
                "protocol": "tcp",
                "security_groups": [],
                "self": false,
                "to_port": 80
              },
              {
                "cidr_blocks": [],
                "description": "",
                "from_port": 0,
                "ipv6_cidr_blocks": [],
                "prefix_list_ids": [],
                "protocol": "-1",
                "security_groups": [],
                "self": true,
                "to_port": 0
              }
            ],
            "name": "terraform-20260408201102570400000001",
            "name_prefix": "terraform-",
            "owner_id": "188244334939",
            "region": "ap-south-1",
            "revoke_rules_on_delete": false,
            "tags": null,
            "tags_all": {},
            "timeouts": null,
            "vpc_id": "vpc-075102f314372653d"
          },
          "sensitive_attributes": [],
          "private": "eyJlMmJmYjczMC1lY2FhLTExZTYtOGY4OC0zNDM2M2JjN2M0YzAiOnsiY3JlYXRlIjo2MDAwMDAwMDAwMDAsImRlbGV0ZSI6OTAwMDAwMDAwMDAwfSwic2NoZW1hX3ZlcnNpb24iOiIxIn0=",
          "dependencies": [
            "aws_vpc.main"
          ]
        }
      ]
    },
    {
      "mode": "managed",
      "type": "aws_subnet",
      "name": "subnet",
      "provider": "provider[\"registry.terraform.io/hashicorp/aws\"]",
      "instances": [
        {
          "schema_version": 1,
          "attributes": {
            "arn": "arn:aws:ec2:ap-south-1:188244334939:subnet/subnet-05e975e0e4a1f4bb8",
            "assign_ipv6_address_on_creation": false,
            "availability_zone": "ap-south-1a",
            "availability_zone_id": "aps1-az1",
            "cidr_block": "10.0.1.0/24",
            "customer_owned_ipv4_pool": "",
            "enable_dns64": false,
            "enable_lni_at_device_index": 0,
            "enable_resource_name_dns_a_record_on_launch": false,
            "enable_resource_name_dns_aaaa_record_on_launch": false,
            "id": "subnet-05e975e0e4a1f4bb8",
            "ipv4_ipam_pool_id": null,
            "ipv4_netmask_length": null,
            "ipv6_cidr_block": "",
            "ipv6_cidr_block_association_id": "",
            "ipv6_ipam_pool_id": null,
            "ipv6_native": false,
            "ipv6_netmask_length": null,
            "map_customer_owned_ip_on_launch": false,
            "map_public_ip_on_launch": true,
            "outpost_arn": "",
            "owner_id": "188244334939",
            "private_dns_hostname_type_on_launch": "ip-name",
            "region": "ap-south-1",
            "tags": null,
            "tags_all": {},
            "timeouts": null,
            "vpc_id": "vpc-075102f314372653d"
          },
          "sensitive_attributes": [],
          "private": "eyJlMmJmYjczMC1lY2FhLTExZTYtOGY4OC0zNDM2M2JjN2M0YzAiOnsiY3JlYXRlIjo2MDAwMDAwMDAwMDAsImRlbGV0ZSI6MTIwMDAwMDAwMDAwMH0sInNjaGVtYV92ZXJzaW9uIjoiMSJ9",
          "dependencies": [
            "aws_vpc.main"
          ]
        }
      ]
    },
    {
      "mode": "managed",
      "type": "aws_vpc",
      "name": "main",
      "provider": "provider[\"registry.terraform.io/hashicorp/aws\"]",
      "instances": [
        {
          "schema_version": 1,
          "attributes": {
            "arn": "arn:aws:ec2:ap-south-1:188244334939:vpc/vpc-075102f314372653d",
            "assign_generated_ipv6_cidr_block": false,
            "cidr_block": "10.0.0.0/16",
            "default_network_acl_id": "acl-048b8ce7c57fbf7ed",
            "default_route_table_id": "rtb-056f3848c4d5c354d",
            "default_security_group_id": "sg-0597db27a78d50cc6",
            "dhcp_options_id": "dopt-0b5179dd87d36a59c",
            "enable_dns_hostnames": false,
            "enable_dns_support": true,
            "enable_network_address_usage_metrics": false,
            "id": "vpc-075102f314372653d",
            "instance_tenancy": "default",
            "ipv4_ipam_pool_id": null,
            "ipv4_netmask_length": null,
            "ipv6_association_id": "",
            "ipv6_cidr_block": "",
            "ipv6_cidr_block_network_border_group": "",
            "ipv6_ipam_pool_id": "",
            "ipv6_netmask_length": 0,
            "main_route_table_id": "rtb-056f3848c4d5c354d",
            "owner_id": "188244334939",
            "region": "ap-south-1",
            "tags": null,
            "tags_all": {}
          },
          "sensitive_attributes": [],
          "private": "eyJzY2hlbWFfdmVyc2lvbiI6IjEifQ=="
        }
      ]
    },
    {
      "mode": "managed",
      "type": "local_file",
      "name": "private_key",
      "provider": "provider[\"registry.terraform.io/hashicorp/local\"]",
      "instances": [
        {
          "schema_version": 0,
          "attributes": {
            "content": "-----BEGIN RSA PRIVATE KEY-----\nMIIEogIBAAKCAQEA7atoJy8XsJ7QfrTUJXCZs5SwbGQILbMkMS75Av8ZkJfo3iSz\nOaj90RpPMpNMGh3rGm8h0+1YiR8ocI7QuaOBN89diVqOB4hcznhribIxNYRfveGM\nKYT/3Nj+nw/fhh4VfrN6vZVT3SZFEIhn3SkoG175eScgo7fpFLpNn+CaCpBCiIef\na2NprIEuviZmDOLvgal4UsCEwG1omrkD5jEtVzJtIUFEyM6JIB6HL9Cd0XSx6Kcd\nb5fhSSF1VshB0gilu5cPUAXWICKT5WvFMSFYxOA+uzyE9mhNHeoLUT9heGvUnibs\nreFr/G/AWIjmZi72RRiDvpLnpnsDcr8oJ5aciwIDAQABAoIBAF+qRHCtRHhb3Kl7\nyP7O/ZcqzP68HwyiFHnVofbCTvyEIQA1voyBiLT/xYwifRnwG/+WZwPif+YlzAXO\nfpaSiUM5LTnJ4OyIR272Srbwql0TzOPl4yCdP84Z7BeDcKIP/u/yd3/TGSAltNwM\nQ95iIBowVvOcu8cakm+889zcL7T7CLGnO+rvNZiVFdhtWE+K2oO2VaC9w3OVDJEk\nRpjlRa1t3R53pGVGiuklavGbxsDBOsCEWYycVFn6iMoGKGYsGeUzqDRk2qkMpoap\nVn8z0gy/dYyfFNKE2Tj1sKn4IIKiU/Xov6bIogDK8p8JGbrpU8v6+rAAjnJ7CzCE\nS/4uCO0CgYEA906tyTSIQcF1GfTQqAdYOH/4lsK401Oa/fdX6R5sVbg5mGbiWDx4\nJplP+roS7YBYFdGn0wLxN3RS5h5A/psOErEL20jaaKZa2rgnUecY+6PD1Vue8e2Y\nfJA1bjoiHeT3TMN2qgGROjdDlvXXuVW3fx1bxHVnTvgF0G9Ltt6sCj0CgYEA9gYB\nW5Et9ZZ3P64lWnHfJL1acJT/86ykw96I3xEd6NW2901MoKPuAFvceAqYo2ZcJSJs\nXSZPIQ7OlMQw90sP8WtetYALJSOmUJpXraRZc8J0AaaleXAUovzmjUP68vQKdaL3\n02LpFM2QAd5yV3VVsRaP/4PoyAjEnUvwWp2GVmcCgYAvTiV/70SBD3hO1r1y5rTB\nWfk7HVQtWDi1i7KNLPycCPk7ZbK2Hhr9hyX9V8p3E63FvqzTeCSb7uxMiEz2ZsJy\nYNtbvrvIeMm4PLGIwSPOPq0fCr+El2YrrYoK46PTBBEp5dm0+0fEUv3iynPRR8wp\nzHvZQHvaZyb1j9RzznQqIQKBgEZl54ONImqQ2KSXL0cXKHP53uQyLp9Keoc1qVKz\nMizK4qUXMGMTJWpi3s5WseCnzJwvonRxHtllxEUbcquAhhpdz+b9sbK55cBQueAN\nFC+kp89FITqDkNQmq84mcquMm2WX8XRCbFGwlJGEVpGiGJgozaGe3EBJCgG8lhVH\n2AXnAoGAb02bsIaQNjLK0uUqNlvv5cVwKsSgybmg+TxzxfH9V4A/QK6Jt+LEgiYZ\nXJ8UFUzt+RljUQ1YFhOhDTZdoWWlqNysF7+zk9OSiKcLtE4U0YMkkP5W6BesizZh\nw9FF82QpAEa+TC2YgWCZc6CVId6p4yimPWjoAqRrnpSkPGKXFy0=\n-----END RSA PRIVATE KEY-----\n",
            "content_base64": null,
            "content_base64sha256": "qWdTbF++9AZnYeXJ+AipYJke1iE10dHKvQV5eQLXnoM=",
            "content_base64sha512": "/BHUAvPSVB9vXJ6U98AZHxibCdRXbKVhQcK3rLTWqfeXv/U3ArnkK2fDEzZPGIwswgd0IBzjXS2bNDDDAH+2KA==",
            "content_md5": "468ce7aea69a5662ba6caa30276f3dea",
            "content_sha1": "ff639606bb4a1161dc7f7460cfe5d796eba071c1",
            "content_sha256": "a967536c5fbef4066761e5c9f808a960991ed62135d1d1cabd05797902d79e83",
            "content_sha512": "fc11d402f3d2541f6f5c9e94f7c0191f189b09d4576ca56141c2b7acb4d6a9f797bff53702b9e42b67c313364f188c2cc20774201ce35d2d9b3430c3007fb628",
            "directory_permission": "0777",
            "file_permission": "0777",
            "filename": "k8s-key.pem",
            "id": "ff639606bb4a1161dc7f7460cfe5d796eba071c1",
            "sensitive_content": null,
            "source": null
          },
          "sensitive_attributes": [
            [
              {
                "type": "get_attr",
                "value": "content"
              }
            ]
          ],
          "dependencies": [
            "tls_private_key.ssh_key"
          ]
        }
      ]
    },
    {
      "mode": "managed",
      "type": "tls_private_key",
      "name": "ssh_key",
      "provider": "provider[\"registry.terraform.io/hashicorp/tls\"]",
      "instances": [
        {
          "schema_version": 1,
          "attributes": {
            "algorithm": "RSA",
            "ecdsa_curve": "P224",
            "id": "ca23e72947699dc0e06e114a67bc5aa73d9a65a8",
            "private_key_openssh": "-----BEGIN OPENSSH PRIVATE KEY-----\nb3BlbnNzaC1rZXktdjEAAAAABG5vbmUAAAAEbm9uZQAAAAAAAAABAAABFwAAAAdz\nc2gtcnNhAAAAAwEAAQAAAQEA7atoJy8XsJ7QfrTUJXCZs5SwbGQILbMkMS75Av8Z\nkJfo3iSzOaj90RpPMpNMGh3rGm8h0+1YiR8ocI7QuaOBN89diVqOB4hcznhribIx\nNYRfveGMKYT/3Nj+nw/fhh4VfrN6vZVT3SZFEIhn3SkoG175eScgo7fpFLpNn+Ca\nCpBCiIefa2NprIEuviZmDOLvgal4UsCEwG1omrkD5jEtVzJtIUFEyM6JIB6HL9Cd\n0XSx6Kcdb5fhSSF1VshB0gilu5cPUAXWICKT5WvFMSFYxOA+uzyE9mhNHeoLUT9h\neGvUnibsreFr/G/AWIjmZi72RRiDvpLnpnsDcr8oJ5aciwAAA7gC8WJIAvFiSAAA\nAAdzc2gtcnNhAAABAQDtq2gnLxewntB+tNQlcJmzlLBsZAgtsyQxLvkC/xmQl+je\nJLM5qP3RGk8yk0waHesabyHT7ViJHyhwjtC5o4E3z12JWo4HiFzOeGuJsjE1hF+9\n4YwphP/c2P6fD9+GHhV+s3q9lVPdJkUQiGfdKSgbXvl5JyCjt+kUuk2f4JoKkEKI\nh59rY2msgS6+JmYM4u+BqXhSwITAbWiauQPmMS1XMm0hQUTIzokgHocv0J3RdLHo\npx1vl+FJIXVWyEHSCKW7lw9QBdYgIpPla8UxIVjE4D67PIT2aE0d6gtRP2F4a9Se\nJuyt4Wv8b8BYiOZmLvZFGIO+kuemewNyvygnlpyLAAAAAwEAAQAAAQBfqkRwrUR4\nW9ype8j+zv2XKsz+vB8MohR51aH2wk78hCEANb6MgYi0/8WMIn0Z8Bv/lmcD4n/m\nJcwFzn6WkolDOS05yeDsiEdu9kq28KpdE8zj5eMgnT/OGewXg3CiD/7v8nd/0xkg\nJbTcDEPeYiAaMFbznLvHGpJvvPPc3C+0+wixpzvq7zWYlRXYbVhPitqDtlWgvcNz\nlQyRJEaY5UWtbd0ed6RlRorpJWrxm8bAwTrAhFmMnFRZ+ojKBihmLBnlM6g0ZNqp\nDKaGqVZ/M9IMv3WMnxTShNk49bCp+CCColP16L+myKIAyvKfCRm66VPL+vqwAI5y\newswhEv+LgjtAAAAgG9Nm7CGkDYyytLlKjZb7+XFcCrEoMm5oPk8c8Xx/VeAP0Cu\nibfixIImGVyfFBVM7fkZY1ENWBYToQ02XaFlpajcrBe/s5PTkoinC7ROFNGDJJD+\nVugXrIs2YcPRRfNkKQBGvkwtmIFgmXOglSHeqeMopj1o6AKka56UpDxilxctAAAA\ngQD3Tq3JNIhBwXUZ9NCoB1g4f/iWwrjTU5r991fpHmxVuDmYZuJYPHgmmU/6uhLt\ngFgV0afTAvE3dFLmHkD+mw4SsQvbSNpoplrauCdR5xj7o8PVW57x7Zh8kDVuOiId\n5PdMw3aqAZE6N0OW9de5Vbd/HVvEdWdO+AXQb0u23qwKPQAAAIEA9gYBW5Et9ZZ3\nP64lWnHfJL1acJT/86ykw96I3xEd6NW2901MoKPuAFvceAqYo2ZcJSJsXSZPIQ7O\nlMQw90sP8WtetYALJSOmUJpXraRZc8J0AaaleXAUovzmjUP68vQKdaL302LpFM2Q\nAd5yV3VVsRaP/4PoyAjEnUvwWp2GVmcAAAAAAQID\n-----END OPENSSH PRIVATE KEY-----\n",
            "private_key_pem": "-----BEGIN RSA PRIVATE KEY-----\nMIIEogIBAAKCAQEA7atoJy8XsJ7QfrTUJXCZs5SwbGQILbMkMS75Av8ZkJfo3iSz\nOaj90RpPMpNMGh3rGm8h0+1YiR8ocI7QuaOBN89diVqOB4hcznhribIxNYRfveGM\nKYT/3Nj+nw/fhh4VfrN6vZVT3SZFEIhn3SkoG175eScgo7fpFLpNn+CaCpBCiIef\na2NprIEuviZmDOLvgal4UsCEwG1omrkD5jEtVzJtIUFEyM6JIB6HL9Cd0XSx6Kcd\nb5fhSSF1VshB0gilu5cPUAXWICKT5WvFMSFYxOA+uzyE9mhNHeoLUT9heGvUnibs\nreFr/G/AWIjmZi72RRiDvpLnpnsDcr8oJ5aciwIDAQABAoIBAF+qRHCtRHhb3Kl7\nyP7O/ZcqzP68HwyiFHnVofbCTvyEIQA1voyBiLT/xYwifRnwG/+WZwPif+YlzAXO\nfpaSiUM5LTnJ4OyIR272Srbwql0TzOPl4yCdP84Z7BeDcKIP/u/yd3/TGSAltNwM\nQ95iIBowVvOcu8cakm+889zcL7T7CLGnO+rvNZiVFdhtWE+K2oO2VaC9w3OVDJEk\nRpjlRa1t3R53pGVGiuklavGbxsDBOsCEWYycVFn6iMoGKGYsGeUzqDRk2qkMpoap\nVn8z0gy/dYyfFNKE2Tj1sKn4IIKiU/Xov6bIogDK8p8JGbrpU8v6+rAAjnJ7CzCE\nS/4uCO0CgYEA906tyTSIQcF1GfTQqAdYOH/4lsK401Oa/fdX6R5sVbg5mGbiWDx4\nJplP+roS7YBYFdGn0wLxN3RS5h5A/psOErEL20jaaKZa2rgnUecY+6PD1Vue8e2Y\nfJA1bjoiHeT3TMN2qgGROjdDlvXXuVW3fx1bxHVnTvgF0G9Ltt6sCj0CgYEA9gYB\nW5Et9ZZ3P64lWnHfJL1acJT/86ykw96I3xEd6NW2901MoKPuAFvceAqYo2ZcJSJs\nXSZPIQ7OlMQw90sP8WtetYALJSOmUJpXraRZc8J0AaaleXAUovzmjUP68vQKdaL3\n02LpFM2QAd5yV3VVsRaP/4PoyAjEnUvwWp2GVmcCgYAvTiV/70SBD3hO1r1y5rTB\nWfk7HVQtWDi1i7KNLPycCPk7ZbK2Hhr9hyX9V8p3E63FvqzTeCSb7uxMiEz2ZsJy\nYNtbvrvIeMm4PLGIwSPOPq0fCr+El2YrrYoK46PTBBEp5dm0+0fEUv3iynPRR8wp\nzHvZQHvaZyb1j9RzznQqIQKBgEZl54ONImqQ2KSXL0cXKHP53uQyLp9Keoc1qVKz\nMizK4qUXMGMTJWpi3s5WseCnzJwvonRxHtllxEUbcquAhhpdz+b9sbK55cBQueAN\nFC+kp89FITqDkNQmq84mcquMm2WX8XRCbFGwlJGEVpGiGJgozaGe3EBJCgG8lhVH\n2AXnAoGAb02bsIaQNjLK0uUqNlvv5cVwKsSgybmg+TxzxfH9V4A/QK6Jt+LEgiYZ\nXJ8UFUzt+RljUQ1YFhOhDTZdoWWlqNysF7+zk9OSiKcLtE4U0YMkkP5W6BesizZh\nw9FF82QpAEa+TC2YgWCZc6CVId6p4yimPWjoAqRrnpSkPGKXFy0=\n-----END RSA PRIVATE KEY-----\n",
            "private_key_pem_pkcs8": "-----BEGIN PRIVATE KEY-----\nMIIEvAIBADANBgkqhkiG9w0BAQEFAASCBKYwggSiAgEAAoIBAQDtq2gnLxewntB+\ntNQlcJmzlLBsZAgtsyQxLvkC/xmQl+jeJLM5qP3RGk8yk0waHesabyHT7ViJHyhw\njtC5o4E3z12JWo4HiFzOeGuJsjE1hF+94YwphP/c2P6fD9+GHhV+s3q9lVPdJkUQ\niGfdKSgbXvl5JyCjt+kUuk2f4JoKkEKIh59rY2msgS6+JmYM4u+BqXhSwITAbWia\nuQPmMS1XMm0hQUTIzokgHocv0J3RdLHopx1vl+FJIXVWyEHSCKW7lw9QBdYgIpPl\na8UxIVjE4D67PIT2aE0d6gtRP2F4a9SeJuyt4Wv8b8BYiOZmLvZFGIO+kuemewNy\nvygnlpyLAgMBAAECggEAX6pEcK1EeFvcqXvI/s79lyrM/rwfDKIUedWh9sJO/IQh\nADW+jIGItP/FjCJ9GfAb/5ZnA+J/5iXMBc5+lpKJQzktOcng7IhHbvZKtvCqXRPM\n4+XjIJ0/zhnsF4Nwog/+7/J3f9MZICW03AxD3mIgGjBW85y7xxqSb7zz3NwvtPsI\nsac76u81mJUV2G1YT4rag7ZVoL3Dc5UMkSRGmOVFrW3dHnekZUaK6SVq8ZvGwME6\nwIRZjJxUWfqIygYoZiwZ5TOoNGTaqQymhqlWfzPSDL91jJ8U0oTZOPWwqfgggqJT\n9ei/psiiAMrynwkZuulTy/r6sACOcnsLMIRL/i4I7QKBgQD3Tq3JNIhBwXUZ9NCo\nB1g4f/iWwrjTU5r991fpHmxVuDmYZuJYPHgmmU/6uhLtgFgV0afTAvE3dFLmHkD+\nmw4SsQvbSNpoplrauCdR5xj7o8PVW57x7Zh8kDVuOiId5PdMw3aqAZE6N0OW9de5\nVbd/HVvEdWdO+AXQb0u23qwKPQKBgQD2BgFbkS31lnc/riVacd8kvVpwlP/zrKTD\n3ojfER3o1bb3TUygo+4AW9x4CpijZlwlImxdJk8hDs6UxDD3Sw/xa161gAslI6ZQ\nmletpFlzwnQBpqV5cBSi/OaNQ/ry9Ap1ovfTYukUzZAB3nJXdVWxFo//g+jICMSd\nS/BanYZWZwKBgC9OJX/vRIEPeE7WvXLmtMFZ+TsdVC1YOLWLso0s/JwI+TtlsrYe\nGv2HJf1XyncTrcW+rNN4JJvu7EyITPZmwnJg21u+u8h4ybg8sYjBI84+rR8Kv4SX\nZiutigrjo9MEESnl2bT7R8RS/eLKc9FHzCnMe9lAe9pnJvWP1HPOdCohAoGARmXn\ng40iapDYpJcvRxcoc/ne5DIun0p6hzWpUrMyLMripRcwYxMlamLezlax4KfMnC+i\ndHEe2WXERRtyq4CGGl3P5v2xsrnlwFC54A0UL6Snz0UhOoOQ1CarziZyq4ybZZfx\ndEJsUbCUkYRWkaIYmCjNoZ7cQEkKAbyWFUfYBecCgYBvTZuwhpA2MsrS5So2W+/l\nxXAqxKDJuaD5PHPF8f1XgD9Arom34sSCJhlcnxQVTO35GWNRDVgWE6ENNl2hZaWo\n3KwXv7OT05KIpwu0ThTRgySQ/lboF6yLNmHD0UXzZCkARr5MLZiBYJlzoJUh3qnj\nKKY9aOgCpGuelKQ8YpcXLQ==\n-----END PRIVATE KEY-----\n",
            "public_key_fingerprint_md5": "7e:f3:57:7e:dc:8b:5f:b6:4b:02:b6:79:80:0c:4f:6e",
            "public_key_fingerprint_sha256": "SHA256:6rxmHwhLq6Y4N6qgAg15EqLZZ5ZI/XgYgsiElUmWe9I",
            "public_key_openssh": "ssh-rsa AAAAB3NzaC1yc2EAAAADAQABAAABAQDtq2gnLxewntB+tNQlcJmzlLBsZAgtsyQxLvkC/xmQl+jeJLM5qP3RGk8yk0waHesabyHT7ViJHyhwjtC5o4E3z12JWo4HiFzOeGuJsjE1hF+94YwphP/c2P6fD9+GHhV+s3q9lVPdJkUQiGfdKSgbXvl5JyCjt+kUuk2f4JoKkEKIh59rY2msgS6+JmYM4u+BqXhSwITAbWiauQPmMS1XMm0hQUTIzokgHocv0J3RdLHopx1vl+FJIXVWyEHSCKW7lw9QBdYgIpPla8UxIVjE4D67PIT2aE0d6gtRP2F4a9SeJuyt4Wv8b8BYiOZmLvZFGIO+kuemewNyvygnlpyL\n",
            "public_key_pem": "-----BEGIN PUBLIC KEY-----\nMIIBIjANBgkqhkiG9w0BAQEFAAOCAQ8AMIIBCgKCAQEA7atoJy8XsJ7QfrTUJXCZ\ns5SwbGQILbMkMS75Av8ZkJfo3iSzOaj90RpPMpNMGh3rGm8h0+1YiR8ocI7QuaOB\nN89diVqOB4hcznhribIxNYRfveGMKYT/3Nj+nw/fhh4VfrN6vZVT3SZFEIhn3Sko\nG175eScgo7fpFLpNn+CaCpBCiIefa2NprIEuviZmDOLvgal4UsCEwG1omrkD5jEt\nVzJtIUFEyM6JIB6HL9Cd0XSx6Kcdb5fhSSF1VshB0gilu5cPUAXWICKT5WvFMSFY\nxOA+uzyE9mhNHeoLUT9heGvUnibsreFr/G/AWIjmZi72RRiDvpLnpnsDcr8oJ5ac\niwIDAQAB\n-----END PUBLIC KEY-----\n",
            "rsa_bits": 2048
          },
          "sensitive_attributes": []
        }
      ]
    }
  ],
  "check_results": null
}
